
Microsoft Visual Studio Solution File, Format Version 12.00
# Visual Studio Version 17
VisualStudioVersion = 17.1.32319.34
MinimumVisualStudioVersion = 10.0.40219.1
Project("{FAE04EC0-301F-11D3-BF4B-00C04F79EFBC}") = "guardarNumeroIngresadosPorUsuarioPila", "guardarNumeroIngresadosPorUsuarioPila.csproj", "{AF4E801E-EC98-4C8E-8F92-2803FE48178A}"
EndProject
Global
	GlobalSection(SolutionConfigurationPlatforms) = preSolution
		Debug|Any CPU = Debug|Any CPU
		Release|Any CPU = Release|Any CPU
	EndGlobalSection
	GlobalSection(ProjectConfigurationPlatforms) = postSolution
		{AF4E801E-EC98-4C8E-8F92-2803FE48178A}.Debug|Any CPU.ActiveCfg = Debug|Any CPU
		{AF4E801E-EC98-4C8E-8F92-2803FE48178A}.Debug|Any CPU.Build.0 = Debug|Any CPU
		{AF4E801E-EC98-4C8E-8F92-2803FE48178A}.Release|Any CPU.ActiveCfg = Release|Any CPU
		{AF4E801E-EC98-4C8E-8F92-2803FE48178A}.Release|Any CPU.Build.0 = Release|Any CPU
	EndGlobalSection
	GlobalSection(SolutionProperties) = preSolution
		HideSolutionNode = FALSE
	EndGlobalSection
	GlobalSection(ExtensibilityGlobals) = postSolution
		SolutionGuid = {D1147AA8-8FD5-4671-914B-4918D2CAB8E0}
	EndGlobalSection
EndGlobal
