
Microsoft Visual Studio Solution File, Format Version 12.00
# Visual Studio Version 17
VisualStudioVersion = 17.1.32319.34
MinimumVisualStudioVersion = 10.0.40219.1
Project("{FAE04EC0-301F-11D3-BF4B-00C04F79EFBC}") = "ordenarSueldosVector", "ordenarSueldosVector.csproj", "{EDFFA8A9-3978-4F44-9301-6DAD63AF424E}"
EndProject
Global
	GlobalSection(SolutionConfigurationPlatforms) = preSolution
		Debug|Any CPU = Debug|Any CPU
		Release|Any CPU = Release|Any CPU
	EndGlobalSection
	GlobalSection(ProjectConfigurationPlatforms) = postSolution
		{EDFFA8A9-3978-4F44-9301-6DAD63AF424E}.Debug|Any CPU.ActiveCfg = Debug|Any CPU
		{EDFFA8A9-3978-4F44-9301-6DAD63AF424E}.Debug|Any CPU.Build.0 = Debug|Any CPU
		{EDFFA8A9-3978-4F44-9301-6DAD63AF424E}.Release|Any CPU.ActiveCfg = Release|Any CPU
		{EDFFA8A9-3978-4F44-9301-6DAD63AF424E}.Release|Any CPU.Build.0 = Release|Any CPU
	EndGlobalSection
	GlobalSection(SolutionProperties) = preSolution
		HideSolutionNode = FALSE
	EndGlobalSection
	GlobalSection(ExtensibilityGlobals) = postSolution
		SolutionGuid = {EB59B3FC-0ECC-4D1F-99B9-B9E94827F614}
	EndGlobalSection
EndGlobal
