
Microsoft Visual Studio Solution File, Format Version 12.00
# Visual Studio Version 17
VisualStudioVersion = 17.1.32319.34
MinimumVisualStudioVersion = 10.0.40219.1
Project("{FAE04EC0-301F-11D3-BF4B-00C04F79EFBC}") = "ejercicio2", "ejercicio2.csproj", "{CD311219-6DA7-4492-BCE6-B42E45D7E60B}"
EndProject
Global
	GlobalSection(SolutionConfigurationPlatforms) = preSolution
		Debug|Any CPU = Debug|Any CPU
		Release|Any CPU = Release|Any CPU
	EndGlobalSection
	GlobalSection(ProjectConfigurationPlatforms) = postSolution
		{CD311219-6DA7-4492-BCE6-B42E45D7E60B}.Debug|Any CPU.ActiveCfg = Debug|Any CPU
		{CD311219-6DA7-4492-BCE6-B42E45D7E60B}.Debug|Any CPU.Build.0 = Debug|Any CPU
		{CD311219-6DA7-4492-BCE6-B42E45D7E60B}.Release|Any CPU.ActiveCfg = Release|Any CPU
		{CD311219-6DA7-4492-BCE6-B42E45D7E60B}.Release|Any CPU.Build.0 = Release|Any CPU
	EndGlobalSection
	GlobalSection(SolutionProperties) = preSolution
		HideSolutionNode = FALSE
	EndGlobalSection
	GlobalSection(ExtensibilityGlobals) = postSolution
		SolutionGuid = {50918037-D795-473A-BE7C-C18B46BDAE4E}
	EndGlobalSection
EndGlobal
