
Microsoft Visual Studio Solution File, Format Version 12.00
# Visual Studio Version 17
VisualStudioVersion = 17.1.32319.34
MinimumVisualStudioVersion = 10.0.40219.1
Project("{FAE04EC0-301F-11D3-BF4B-00C04F79EFBC}") = "pila", "pila.csproj", "{495DE407-D3B3-49BE-817D-07E9A7EFBA7E}"
EndProject
Global
	GlobalSection(SolutionConfigurationPlatforms) = preSolution
		Debug|Any CPU = Debug|Any CPU
		Release|Any CPU = Release|Any CPU
	EndGlobalSection
	GlobalSection(ProjectConfigurationPlatforms) = postSolution
		{495DE407-D3B3-49BE-817D-07E9A7EFBA7E}.Debug|Any CPU.ActiveCfg = Debug|Any CPU
		{495DE407-D3B3-49BE-817D-07E9A7EFBA7E}.Debug|Any CPU.Build.0 = Debug|Any CPU
		{495DE407-D3B3-49BE-817D-07E9A7EFBA7E}.Release|Any CPU.ActiveCfg = Release|Any CPU
		{495DE407-D3B3-49BE-817D-07E9A7EFBA7E}.Release|Any CPU.Build.0 = Release|Any CPU
	EndGlobalSection
	GlobalSection(SolutionProperties) = preSolution
		HideSolutionNode = FALSE
	EndGlobalSection
	GlobalSection(ExtensibilityGlobals) = postSolution
		SolutionGuid = {FADAC0ED-8197-42FD-BB88-52C800C715A1}
	EndGlobalSection
EndGlobal
